// !$*UTF8*$!
{
	archiveVersion = 1;
	classes = {
	};
	objectVersion = 56;
	objects = {

/* Begin PBXBuildFile section */
		DC66C08A2A46AF1B00DCA77C /* EventApp.swift in Sources */ = {isa = PBXBuildFile; fileRef = DC66C0892A46AF1B00DCA77C /* EventApp.swift */; };
		DC66C08C2A46AF1B00DCA77C /* MainView.swift in Sources */ = {isa = PBXBuildFile; fileRef = DC66C08B2A46AF1B00DCA77C /* MainView.swift */; };
		DC66C08E2A46AF1C00DCA77C /* Assets.xcassets in Resources */ = {isa = PBXBuildFile; fileRef = DC66C08D2A46AF1C00DCA77C /* Assets.xcassets */; };
		DC66C0912A46AF1C00DCA77C /* Preview Assets.xcassets in Resources */ = {isa = PBXBuildFile; fileRef = DC66C0902A46AF1C00DCA77C /* Preview Assets.xcassets */; };
		DC66C0C12A46B3A300DCA77C /* EventKitService.swift in Sources */ = {isa = PBXBuildFile; fileRef = DC66C0C02A46B3A300DCA77C /* EventKitService.swift */; };
		DC66C0C42A46B51E00DCA77C /* MainViewModel.swift in Sources */ = {isa = PBXBuildFile; fileRef = DC66C0C32A46B51E00DCA77C /* MainViewModel.swift */; };
		DC66C0CF2A46BD5500DCA77C /* WidgetKit.framework in Frameworks */ = {isa = PBXBuildFile; fileRef = DC66C09D2A46AF2D00DCA77C /* WidgetKit.framework */; };
		DC66C0D02A46BD5500DCA77C /* SwiftUI.framework in Frameworks */ = {isa = PBXBuildFile; fileRef = DC66C09F2A46AF2D00DCA77C /* SwiftUI.framework */; };
		DC66C0D32A46BD5500DCA77C /* EventWidgetBundle.swift in Sources */ = {isa = PBXBuildFile; fileRef = DC66C0D22A46BD5500DCA77C /* EventWidgetBundle.swift */; };
		DC66C0D52A46BD5500DCA77C /* EventWidgetLiveActivity.swift in Sources */ = {isa = PBXBuildFile; fileRef = DC66C0D42A46BD5500DCA77C /* EventWidgetLiveActivity.swift */; };
		DC66C0D72A46BD5500DCA77C /* EventWidget.swift in Sources */ = {isa = PBXBuildFile; fileRef = DC66C0D62A46BD5500DCA77C /* EventWidget.swift */; };
		DC66C0D92A46BD5600DCA77C /* Assets.xcassets in Resources */ = {isa = PBXBuildFile; fileRef = DC66C0D82A46BD5600DCA77C /* Assets.xcassets */; };
		DC66C0DD2A46BD5600DCA77C /* EventWidgetExtension.appex in Embed Foundation Extensions */ = {isa = PBXBuildFile; fileRef = DC66C0CE2A46BD5400DCA77C /* EventWidgetExtension.appex */; settings = {ATTRIBUTES = (RemoveHeadersOnCopy, ); }; };
		DC66C0E42A46BEDD00DCA77C /* EventModel.swift in Sources */ = {isa = PBXBuildFile; fileRef = DC66C0E32A46BEDD00DCA77C /* EventModel.swift */; };
/* End PBXBuildFile section */

/* Begin PBXContainerItemProxy section */
		DC66C0DB2A46BD5600DCA77C /* PBXContainerItemProxy */ = {
			isa = PBXContainerItemProxy;
			containerPortal = DC66C07E2A46AF1B00DCA77C /* Project object */;
			proxyType = 1;
			remoteGlobalIDString = DC66C0CD2A46BD5400DCA77C;
			remoteInfo = EventWidgetExtension;
		};
/* End PBXContainerItemProxy section */

/* Begin PBXCopyFilesBuildPhase section */
		DC66C0B32A46AF2E00DCA77C /* Embed Foundation Extensions */ = {
			isa = PBXCopyFilesBuildPhase;
			buildActionMask = 2147483647;
			dstPath = "";
			dstSubfolderSpec = 13;
			files = (
				DC66C0DD2A46BD5600DCA77C /* EventWidgetExtension.appex in Embed Foundation Extensions */,
			);
			name = "Embed Foundation Extensions";
			runOnlyForDeploymentPostprocessing = 0;
		};
/* End PBXCopyFilesBuildPhase section */

/* Begin PBXFileReference section */
		DC66C0862A46AF1B00DCA77C /* EventApp.app */ = {isa = PBXFileReference; explicitFileType = wrapper.application; includeInIndex = 0; path = EventApp.app; sourceTree = BUILT_PRODUCTS_DIR; };
		DC66C0892A46AF1B00DCA77C /* EventApp.swift */ = {isa = PBXFileReference; lastKnownFileType = sourcecode.swift; path = EventApp.swift; sourceTree = "<group>"; };
		DC66C08B2A46AF1B00DCA77C /* MainView.swift */ = {isa = PBXFileReference; lastKnownFileType = sourcecode.swift; path = MainView.swift; sourceTree = "<group>"; };
		DC66C08D2A46AF1C00DCA77C /* Assets.xcassets */ = {isa = PBXFileReference; lastKnownFileType = folder.assetcatalog; path = Assets.xcassets; sourceTree = "<group>"; };
		DC66C0902A46AF1C00DCA77C /* Preview Assets.xcassets */ = {isa = PBXFileReference; lastKnownFileType = folder.assetcatalog; path = "Preview Assets.xcassets"; sourceTree = "<group>"; };
		DC66C09D2A46AF2D00DCA77C /* WidgetKit.framework */ = {isa = PBXFileReference; lastKnownFileType = wrapper.framework; name = WidgetKit.framework; path = System/Library/Frameworks/WidgetKit.framework; sourceTree = SDKROOT; };
		DC66C09F2A46AF2D00DCA77C /* SwiftUI.framework */ = {isa = PBXFileReference; lastKnownFileType = wrapper.framework; name = SwiftUI.framework; path = System/Library/Frameworks/SwiftUI.framework; sourceTree = SDKROOT; };
		DC66C0C02A46B3A300DCA77C /* EventKitService.swift */ = {isa = PBXFileReference; lastKnownFileType = sourcecode.swift; path = EventKitService.swift; sourceTree = "<group>"; };
		DC66C0C32A46B51E00DCA77C /* MainViewModel.swift */ = {isa = PBXFileReference; lastKnownFileType = sourcecode.swift; path = MainViewModel.swift; sourceTree = "<group>"; };
		DC66C0CE2A46BD5400DCA77C /* EventWidgetExtension.appex */ = {isa = PBXFileReference; explicitFileType = "wrapper.app-extension"; includeInIndex = 0; path = EventWidgetExtension.appex; sourceTree = BUILT_PRODUCTS_DIR; };
		DC66C0D22A46BD5500DCA77C /* EventWidgetBundle.swift */ = {isa = PBXFileReference; lastKnownFileType = sourcecode.swift; path = EventWidgetBundle.swift; sourceTree = "<group>"; };
		DC66C0D42A46BD5500DCA77C /* EventWidgetLiveActivity.swift */ = {isa = PBXFileReference; lastKnownFileType = sourcecode.swift; path = EventWidgetLiveActivity.swift; sourceTree = "<group>"; };
		DC66C0D62A46BD5500DCA77C /* EventWidget.swift */ = {isa = PBXFileReference; lastKnownFileType = sourcecode.swift; path = EventWidget.swift; sourceTree = "<group>"; };
		DC66C0D82A46BD5600DCA77C /* Assets.xcassets */ = {isa = PBXFileReference; lastKnownFileType = folder.assetcatalog; path = Assets.xcassets; sourceTree = "<group>"; };
		DC66C0DA2A46BD5600DCA77C /* Info.plist */ = {isa = PBXFileReference; lastKnownFileType = text.plist.xml; path = Info.plist; sourceTree = "<group>"; };
		DC66C0E32A46BEDD00DCA77C /* EventModel.swift */ = {isa = PBXFileReference; lastKnownFileType = sourcecode.swift; path = EventModel.swift; sourceTree = "<group>"; };
/* End PBXFileReference section */

/* Begin PBXFrameworksBuildPhase section */
		DC66C0832A46AF1B00DCA77C /* Frameworks */ = {
			isa = PBXFrameworksBuildPhase;
			buildActionMask = 2147483647;
			files = (
			);
			runOnlyForDeploymentPostprocessing = 0;
		};
		DC66C0CB2A46BD5400DCA77C /* Frameworks */ = {
			isa = PBXFrameworksBuildPhase;
			buildActionMask = 2147483647;
			files = (
				DC66C0D02A46BD5500DCA77C /* SwiftUI.framework in Frameworks */,
				DC66C0CF2A46BD5500DCA77C /* WidgetKit.framework in Frameworks */,
			);
			runOnlyForDeploymentPostprocessing = 0;
		};
/* End PBXFrameworksBuildPhase section */

/* Begin PBXGroup section */
		DC66C07D2A46AF1B00DCA77C = {
			isa = PBXGroup;
			children = (
				DC66C0882A46AF1B00DCA77C /* EventApp */,
				DC66C0D12A46BD5500DCA77C /* EventWidget */,
				DC66C09C2A46AF2D00DCA77C /* Frameworks */,
				DC66C0872A46AF1B00DCA77C /* Products */,
			);
			sourceTree = "<group>";
		};
		DC66C0872A46AF1B00DCA77C /* Products */ = {
			isa = PBXGroup;
			children = (
				DC66C0862A46AF1B00DCA77C /* EventApp.app */,
				DC66C0CE2A46BD5400DCA77C /* EventWidgetExtension.appex */,
			);
			name = Products;
			sourceTree = "<group>";
		};
		DC66C0882A46AF1B00DCA77C /* EventApp */ = {
			isa = PBXGroup;
			children = (
				DC66C0B72A46AF5A00DCA77C /* Resources */,
				DC66C0B42A46AF3500DCA77C /* Sources */,
			);
			path = EventApp;
			sourceTree = "<group>";
		};
		DC66C08F2A46AF1C00DCA77C /* Preview Content */ = {
			isa = PBXGroup;
			children = (
				DC66C0902A46AF1C00DCA77C /* Preview Assets.xcassets */,
			);
			path = "Preview Content";
			sourceTree = "<group>";
		};
		DC66C09C2A46AF2D00DCA77C /* Frameworks */ = {
			isa = PBXGroup;
			children = (
				DC66C09D2A46AF2D00DCA77C /* WidgetKit.framework */,
				DC66C09F2A46AF2D00DCA77C /* SwiftUI.framework */,
			);
			name = Frameworks;
			sourceTree = "<group>";
		};
		DC66C0B42A46AF3500DCA77C /* Sources */ = {
			isa = PBXGroup;
			children = (
				DC66C0BF2A46B39000DCA77C /* Services */,
				DC66C0B62A46AF4F00DCA77C /* Features */,
				DC66C0B52A46AF4A00DCA77C /* App */,
			);
			path = Sources;
			sourceTree = "<group>";
		};
		DC66C0B52A46AF4A00DCA77C /* App */ = {
			isa = PBXGroup;
			children = (
				DC66C0892A46AF1B00DCA77C /* EventApp.swift */,
			);
			path = App;
			sourceTree = "<group>";
		};
		DC66C0B62A46AF4F00DCA77C /* Features */ = {
			isa = PBXGroup;
			children = (
				DC66C0C22A46B4F100DCA77C /* Main */,
			);
			path = Features;
			sourceTree = "<group>";
		};
		DC66C0B72A46AF5A00DCA77C /* Resources */ = {
			isa = PBXGroup;
			children = (
				DC66C08D2A46AF1C00DCA77C /* Assets.xcassets */,
				DC66C08F2A46AF1C00DCA77C /* Preview Content */,
			);
			path = Resources;
			sourceTree = "<group>";
		};
		DC66C0BF2A46B39000DCA77C /* Services */ = {
			isa = PBXGroup;
			children = (
				DC66C0C02A46B3A300DCA77C /* EventKitService.swift */,
			);
			path = Services;
			sourceTree = "<group>";
		};
		DC66C0C22A46B4F100DCA77C /* Main */ = {
			isa = PBXGroup;
			children = (
				DC66C0E22A46BED700DCA77C /* Model */,
				DC66C08B2A46AF1B00DCA77C /* MainView.swift */,
				DC66C0C32A46B51E00DCA77C /* MainViewModel.swift */,
			);
			path = Main;
			sourceTree = "<group>";
		};
		DC66C0D12A46BD5500DCA77C /* EventWidget */ = {
			isa = PBXGroup;
			children = (
				DC66C0D22A46BD5500DCA77C /* EventWidgetBundle.swift */,
				DC66C0D42A46BD5500DCA77C /* EventWidgetLiveActivity.swift */,
				DC66C0D62A46BD5500DCA77C /* EventWidget.swift */,
				DC66C0D82A46BD5600DCA77C /* Assets.xcassets */,
				DC66C0DA2A46BD5600DCA77C /* Info.plist */,
			);
			path = EventWidget;
			sourceTree = "<group>";
		};
		DC66C0E22A46BED700DCA77C /* Model */ = {
			isa = PBXGroup;
			children = (
				DC66C0E32A46BEDD00DCA77C /* EventModel.swift */,
			);
			path = Model;
			sourceTree = "<group>";
		};
/* End PBXGroup section */

/* Begin PBXNativeTarget section */
		DC66C0852A46AF1B00DCA77C /* EventApp */ = {
			isa = PBXNativeTarget;
			buildConfigurationList = DC66C0942A46AF1C00DCA77C /* Build configuration list for PBXNativeTarget "EventApp" */;
			buildPhases = (
				DC66C0822A46AF1B00DCA77C /* Sources */,
				DC66C0832A46AF1B00DCA77C /* Frameworks */,
				DC66C0842A46AF1B00DCA77C /* Resources */,
				DC66C0B32A46AF2E00DCA77C /* Embed Foundation Extensions */,
			);
			buildRules = (
			);
			dependencies = (
				DC66C0DC2A46BD5600DCA77C /* PBXTargetDependency */,
			);
			name = EventApp;
			productName = EventApp;
			productReference = DC66C0862A46AF1B00DCA77C /* EventApp.app */;
			productType = "com.apple.product-type.application";
		};
		DC66C0CD2A46BD5400DCA77C /* EventWidgetExtension */ = {
			isa = PBXNativeTarget;
			buildConfigurationList = DC66C0DE2A46BD5600DCA77C /* Build configuration list for PBXNativeTarget "EventWidgetExtension" */;
			buildPhases = (
				DC66C0CA2A46BD5400DCA77C /* Sources */,
				DC66C0CB2A46BD5400DCA77C /* Frameworks */,
				DC66C0CC2A46BD5400DCA77C /* Resources */,
			);
			buildRules = (
			);
			dependencies = (
			);
			name = EventWidgetExtension;
			productName = EventWidgetExtension;
			productReference = DC66C0CE2A46BD5400DCA77C /* EventWidgetExtension.appex */;
			productType = "com.apple.product-type.app-extension";
		};
/* End PBXNativeTarget section */

/* Begin PBXProject section */
		DC66C07E2A46AF1B00DCA77C /* Project object */ = {
			isa = PBXProject;
			attributes = {
				BuildIndependentTargetsInParallel = 1;
				LastSwiftUpdateCheck = 1500;
				LastUpgradeCheck = 1500;
				TargetAttributes = {
					DC66C0852A46AF1B00DCA77C = {
						CreatedOnToolsVersion = 15.0;
					};
					DC66C0CD2A46BD5400DCA77C = {
						CreatedOnToolsVersion = 15.0;
					};
				};
			};
			buildConfigurationList = DC66C0812A46AF1B00DCA77C /* Build configuration list for PBXProject "EventApp" */;
			compatibilityVersion = "Xcode 14.0";
			developmentRegion = en;
			hasScannedForEncodings = 0;
			knownRegions = (
				en,
				Base,
			);
			mainGroup = DC66C07D2A46AF1B00DCA77C;
			productRefGroup = DC66C0872A46AF1B00DCA77C /* Products */;
			projectDirPath = "";
			projectRoot = "";
			targets = (
				DC66C0852A46AF1B00DCA77C /* EventApp */,
				DC66C0CD2A46BD5400DCA77C /* EventWidgetExtension */,
			);
		};
/* End PBXProject section */

/* Begin PBXResourcesBuildPhase section */
		DC66C0842A46AF1B00DCA77C /* Resources */ = {
			isa = PBXResourcesBuildPhase;
			buildActionMask = 2147483647;
			files = (
				DC66C0912A46AF1C00DCA77C /* Preview Assets.xcassets in Resources */,
				DC66C08E2A46AF1C00DCA77C /* Assets.xcassets in Resources */,
			);
			runOnlyForDeploymentPostprocessing = 0;
		};
		DC66C0CC2A46BD5400DCA77C /* Resources */ = {
			isa = PBXResourcesBuildPhase;
			buildActionMask = 2147483647;
			files = (
				DC66C0D92A46BD5600DCA77C /* Assets.xcassets in Resources */,
			);
			runOnlyForDeploymentPostprocessing = 0;
		};
/* End PBXResourcesBuildPhase section */

/* Begin PBXSourcesBuildPhase section */
		DC66C0822A46AF1B00DCA77C /* Sources */ = {
			isa = PBXSourcesBuildPhase;
			buildActionMask = 2147483647;
			files = (
				DC66C08C2A46AF1B00DCA77C /* MainView.swift in Sources */,
				DC66C08A2A46AF1B00DCA77C /* EventApp.swift in Sources */,
				DC66C0C12A46B3A300DCA77C /* EventKitService.swift in Sources */,
				DC66C0E42A46BEDD00DCA77C /* EventModel.swift in Sources */,
				DC66C0C42A46B51E00DCA77C /* MainViewModel.swift in Sources */,
			);
			runOnlyForDeploymentPostprocessing = 0;
		};
		DC66C0CA2A46BD5400DCA77C /* Sources */ = {
			isa = PBXSourcesBuildPhase;
			buildActionMask = 2147483647;
			files = (
				DC66C0D32A46BD5500DCA77C /* EventWidgetBundle.swift in Sources */,
				DC66C0D52A46BD5500DCA77C /* EventWidgetLiveActivity.swift in Sources */,
				DC66C0D72A46BD5500DCA77C /* EventWidget.swift in Sources */,
			);
			runOnlyForDeploymentPostprocessing = 0;
		};
/* End PBXSourcesBuildPhase section */

/* Begin PBXTargetDependency section */
		DC66C0DC2A46BD5600DCA77C /* PBXTargetDependency */ = {
			isa = PBXTargetDependency;
			target = DC66C0CD2A46BD5400DCA77C /* EventWidgetExtension */;
			targetProxy = DC66C0DB2A46BD5600DCA77C /* PBXContainerItemProxy */;
		};
/* End PBXTargetDependency section */

/* Begin XCBuildConfiguration section */
		DC66C0922A46AF1C00DCA77C /* Debug */ = {
			isa = XCBuildConfiguration;
			buildSettings = {
				ALWAYS_SEARCH_USER_PATHS = NO;
				ASSETCATALOG_COMPILER_GENERATE_SWIFT_ASSET_SYMBOL_EXTENSIONS = YES;
				CLANG_ANALYZER_NONNULL = YES;
				CLANG_ANALYZER_NUMBER_OBJECT_CONVERSION = YES_AGGRESSIVE;
				CLANG_CXX_LANGUAGE_STANDARD = "gnu++20";
				CLANG_ENABLE_MODULES = YES;
				CLANG_ENABLE_OBJC_ARC = YES;
				CLANG_ENABLE_OBJC_WEAK = YES;
				CLANG_WARN_BLOCK_CAPTURE_AUTORELEASING = YES;
				CLANG_WARN_BOOL_CONVERSION = YES;
				CLANG_WARN_COMMA = YES;
				CLANG_WARN_CONSTANT_CONVERSION = YES;
				CLANG_WARN_DEPRECATED_OBJC_IMPLEMENTATIONS = YES;
				CLANG_WARN_DIRECT_OBJC_ISA_USAGE = YES_ERROR;
				CLANG_WARN_DOCUMENTATION_COMMENTS = YES;
				CLANG_WARN_EMPTY_BODY = YES;
				CLANG_WARN_ENUM_CONVERSION = YES;
				CLANG_WARN_INFINITE_RECURSION = YES;
				CLANG_WARN_INT_CONVERSION = YES;
				CLANG_WARN_NON_LITERAL_NULL_CONVERSION = YES;
				CLANG_WARN_OBJC_IMPLICIT_RETAIN_SELF = YES;
				CLANG_WARN_OBJC_LITERAL_CONVERSION = YES;
				CLANG_WARN_OBJC_ROOT_CLASS = YES_ERROR;
				CLANG_WARN_QUOTED_INCLUDE_IN_FRAMEWORK_HEADER = YES;
				CLANG_WARN_RANGE_LOOP_ANALYSIS = YES;
				CLANG_WARN_STRICT_PROTOTYPES = YES;
				CLANG_WARN_SUSPICIOUS_MOVE = YES;
				CLANG_WARN_UNGUARDED_AVAILABILITY = YES_AGGRESSIVE;
				CLANG_WARN_UNREACHABLE_CODE = YES;
				CLANG_WARN__DUPLICATE_METHOD_MATCH = YES;
				COPY_PHASE_STRIP = NO;
				DEBUG_INFORMATION_FORMAT = dwarf;
				ENABLE_STRICT_OBJC_MSGSEND = YES;
				ENABLE_TESTABILITY = YES;
				ENABLE_USER_SCRIPT_SANDBOXING = YES;
				GCC_C_LANGUAGE_STANDARD = gnu17;
				GCC_DYNAMIC_NO_PIC = NO;
				GCC_NO_COMMON_BLOCKS = YES;
				GCC_OPTIMIZATION_LEVEL = 0;
				GCC_PREPROCESSOR_DEFINITIONS = (
					"DEBUG=1",
					"$(inherited)",
				);
				GCC_WARN_64_TO_32_BIT_CONVERSION = YES;
				GCC_WARN_ABOUT_RETURN_TYPE = YES_ERROR;
				GCC_WARN_UNDECLARED_SELECTOR = YES;
				GCC_WARN_UNINITIALIZED_AUTOS = YES_AGGRESSIVE;
				GCC_WARN_UNUSED_FUNCTION = YES;
				GCC_WARN_UNUSED_VARIABLE = YES;
				IPHONEOS_DEPLOYMENT_TARGET = 16.1;
				LOCALIZATION_PREFERS_STRING_CATALOGS = YES;
				MTL_ENABLE_DEBUG_INFO = INCLUDE_SOURCE;
				MTL_FAST_MATH = YES;
				ONLY_ACTIVE_ARCH = YES;
				SDKROOT = iphoneos;
				SWIFT_ACTIVE_COMPILATION_CONDITIONS = "DEBUG $(inherited)";
				SWIFT_OPTIMIZATION_LEVEL = "-Onone";
			};
			name = Debug;
		};
		DC66C0932A46AF1C00DCA77C /* Release */ = {
			isa = XCBuildConfiguration;
			buildSettings = {
				ALWAYS_SEARCH_USER_PATHS = NO;
				ASSETCATALOG_COMPILER_GENERATE_SWIFT_ASSET_SYMBOL_EXTENSIONS = YES;
				CLANG_ANALYZER_NONNULL = YES;
				CLANG_ANALYZER_NUMBER_OBJECT_CONVERSION = YES_AGGRESSIVE;
				CLANG_CXX_LANGUAGE_STANDARD = "gnu++20";
				CLANG_ENABLE_MODULES = YES;
				CLANG_ENABLE_OBJC_ARC = YES;
				CLANG_ENABLE_OBJC_WEAK = YES;
				CLANG_WARN_BLOCK_CAPTURE_AUTORELEASING = YES;
				CLANG_WARN_BOOL_CONVERSION = YES;
				CLANG_WARN_COMMA = YES;
				CLANG_WARN_CONSTANT_CONVERSION = YES;
				CLANG_WARN_DEPRECATED_OBJC_IMPLEMENTATIONS = YES;
				CLANG_WARN_DIRECT_OBJC_ISA_USAGE = YES_ERROR;
				CLANG_WARN_DOCUMENTATION_COMMENTS = YES;
				CLANG_WARN_EMPTY_BODY = YES;
				CLANG_WARN_ENUM_CONVERSION = YES;
				CLANG_WARN_INFINITE_RECURSION = YES;
				CLANG_WARN_INT_CONVERSION = YES;
				CLANG_WARN_NON_LITERAL_NULL_CONVERSION = YES;
				CLANG_WARN_OBJC_IMPLICIT_RETAIN_SELF = YES;
				CLANG_WARN_OBJC_LITERAL_CONVERSION = YES;
				CLANG_WARN_OBJC_ROOT_CLASS = YES_ERROR;
				CLANG_WARN_QUOTED_INCLUDE_IN_FRAMEWORK_HEADER = YES;
				CLANG_WARN_RANGE_LOOP_ANALYSIS = YES;
				CLANG_WARN_STRICT_PROTOTYPES = YES;
				CLANG_WARN_SUSPICIOUS_MOVE = YES;
				CLANG_WARN_UNGUARDED_AVAILABILITY = YES_AGGRESSIVE;
				CLANG_WARN_UNREACHABLE_CODE = YES;
				CLANG_WARN__DUPLICATE_METHOD_MATCH = YES;
				COPY_PHASE_STRIP = NO;
				DEBUG_INFORMATION_FORMAT = "dwarf-with-dsym";
				ENABLE_NS_ASSERTIONS = NO;
				ENABLE_STRICT_OBJC_MSGSEND = YES;
				ENABLE_USER_SCRIPT_SANDBOXING = YES;
				GCC_C_LANGUAGE_STANDARD = gnu17;
				GCC_NO_COMMON_BLOCKS = YES;
				GCC_WARN_64_TO_32_BIT_CONVERSION = YES;
				GCC_WARN_ABOUT_RETURN_TYPE = YES_ERROR;
				GCC_WARN_UNDECLARED_SELECTOR = YES;
				GCC_WARN_UNINITIALIZED_AUTOS = YES_AGGRESSIVE;
				GCC_WARN_UNUSED_FUNCTION = YES;
				GCC_WARN_UNUSED_VARIABLE = YES;
				IPHONEOS_DEPLOYMENT_TARGET = 16.1;
				LOCALIZATION_PREFERS_STRING_CATALOGS = YES;
				MTL_ENABLE_DEBUG_INFO = NO;
				MTL_FAST_MATH = YES;
				SDKROOT = iphoneos;
				SWIFT_COMPILATION_MODE = wholemodule;
				VALIDATE_PRODUCT = YES;
			};
			name = Release;
		};
		DC66C0952A46AF1C00DCA77C /* Debug */ = {
			isa = XCBuildConfiguration;
			buildSettings = {
				ALWAYS_EMBED_SWIFT_STANDARD_LIBRARIES = YES;
				ASSETCATALOG_COMPILER_APPICON_NAME = AppIcon;
				ASSETCATALOG_COMPILER_GLOBAL_ACCENT_COLOR_NAME = AccentColor;
				CODE_SIGN_STYLE = Automatic;
				CURRENT_PROJECT_VERSION = 1;
				DEVELOPMENT_ASSET_PATHS = "\"EventApp/Resources/Preview Content\"";
				DEVELOPMENT_TEAM = Q2JZBR7H7Y;
				ENABLE_PREVIEWS = YES;
				GENERATE_INFOPLIST_FILE = YES;
				INFOPLIST_KEY_NSCalendarsUsageDescription = "Please Access";
				INFOPLIST_KEY_NSRemindersUsageDescription = "Please Access";
				INFOPLIST_KEY_UIApplicationSceneManifest_Generation = YES;
				INFOPLIST_KEY_UIApplicationSupportsIndirectInputEvents = YES;
				INFOPLIST_KEY_UILaunchScreen_Generation = YES;
				INFOPLIST_KEY_UISupportedInterfaceOrientations_iPad = "UIInterfaceOrientationPortrait UIInterfaceOrientationPortraitUpsideDown UIInterfaceOrientationLandscapeLeft UIInterfaceOrientationLandscapeRight";
				INFOPLIST_KEY_UISupportedInterfaceOrientations_iPhone = "UIInterfaceOrientationPortrait UIInterfaceOrientationLandscapeLeft UIInterfaceOrientationLandscapeRight";
				LD_RUNPATH_SEARCH_PATHS = (
					"$(inherited)",
					"@executable_path/Frameworks",
				);
				MARKETING_VERSION = 1.0;
				PRODUCT_BUNDLE_IDENTIFIER = com.pelagornis.EventApp;
				PRODUCT_NAME = "$(TARGET_NAME)";
				SWIFT_EMIT_LOC_STRINGS = YES;
				SWIFT_VERSION = 5.0;
				TARGETED_DEVICE_FAMILY = "1,2";
			};
			name = Debug;
		};
		DC66C0962A46AF1C00DCA77C /* Release */ = {
			isa = XCBuildConfiguration;
			buildSettings = {
				ALWAYS_EMBED_SWIFT_STANDARD_LIBRARIES = YES;
				ASSETCATALOG_COMPILER_APPICON_NAME = AppIcon;
				ASSETCATALOG_COMPILER_GLOBAL_ACCENT_COLOR_NAME = AccentColor;
				CODE_SIGN_STYLE = Automatic;
				CURRENT_PROJECT_VERSION = 1;
				DEVELOPMENT_ASSET_PATHS = "\"EventApp/Resources/Preview Content\"";
				DEVELOPMENT_TEAM = Q2JZBR7H7Y;
				ENABLE_PREVIEWS = YES;
				GENERATE_INFOPLIST_FILE = YES;
				INFOPLIST_KEY_NSCalendarsUsageDescription = "Please Access";
				INFOPLIST_KEY_NSRemindersUsageDescription = "Please Access";
				INFOPLIST_KEY_UIApplicationSceneManifest_Generation = YES;
				INFOPLIST_KEY_UIApplicationSupportsIndirectInputEvents = YES;
				INFOPLIST_KEY_UILaunchScreen_Generation = YES;
				INFOPLIST_KEY_UISupportedInterfaceOrientations_iPad = "UIInterfaceOrientationPortrait UIInterfaceOrientationPortraitUpsideDown UIInterfaceOrientationLandscapeLeft UIInterfaceOrientationLandscapeRight";
				INFOPLIST_KEY_UISupportedInterfaceOrientations_iPhone = "UIInterfaceOrientationPortrait UIInterfaceOrientationLandscapeLeft UIInterfaceOrientationLandscapeRight";
				LD_RUNPATH_SEARCH_PATHS = (
					"$(inherited)",
					"@executable_path/Frameworks",
				);
				MARKETING_VERSION = 1.0;
				PRODUCT_BUNDLE_IDENTIFIER = com.pelagornis.EventApp;
				PRODUCT_NAME = "$(TARGET_NAME)";
				SWIFT_EMIT_LOC_STRINGS = YES;
				SWIFT_VERSION = 5.0;
				TARGETED_DEVICE_FAMILY = "1,2";
			};
			name = Release;
		};
		DC66C0DF2A46BD5600DCA77C /* Debug */ = {
			isa = XCBuildConfiguration;
			buildSettings = {
				ASSETCATALOG_COMPILER_GLOBAL_ACCENT_COLOR_NAME = AccentColor;
				ASSETCATALOG_COMPILER_WIDGET_BACKGROUND_COLOR_NAME = WidgetBackground;
				CODE_SIGN_STYLE = Automatic;
				CURRENT_PROJECT_VERSION = 1;
				DEVELOPMENT_TEAM = Q2JZBR7H7Y;
				GENERATE_INFOPLIST_FILE = YES;
				INFOPLIST_FILE = EventWidget/Info.plist;
				INFOPLIST_KEY_CFBundleDisplayName = EventWidget;
				INFOPLIST_KEY_NSHumanReadableCopyright = "";
				IPHONEOS_DEPLOYMENT_TARGET = 17.0;
				LD_RUNPATH_SEARCH_PATHS = (
					"$(inherited)",
					"@executable_path/Frameworks",
					"@executable_path/../../Frameworks",
				);
				MARKETING_VERSION = 1.0;
				PRODUCT_BUNDLE_IDENTIFIER = com.pelagornis.EventApp.EventWidget;
				PRODUCT_NAME = "$(TARGET_NAME)";
				SKIP_INSTALL = YES;
				SWIFT_EMIT_LOC_STRINGS = YES;
				SWIFT_VERSION = 5.0;
				TARGETED_DEVICE_FAMILY = "1,2";
			};
			name = Debug;
		};
		DC66C0E02A46BD5600DCA77C /* Release */ = {
			isa = XCBuildConfiguration;
			buildSettings = {
				ASSETCATALOG_COMPILER_GLOBAL_ACCENT_COLOR_NAME = AccentColor;
				ASSETCATALOG_COMPILER_WIDGET_BACKGROUND_COLOR_NAME = WidgetBackground;
				CODE_SIGN_STYLE = Automatic;
				CURRENT_PROJECT_VERSION = 1;
				DEVELOPMENT_TEAM = Q2JZBR7H7Y;
				GENERATE_INFOPLIST_FILE = YES;
				INFOPLIST_FILE = EventWidget/Info.plist;
				INFOPLIST_KEY_CFBundleDisplayName = EventWidget;
				INFOPLIST_KEY_NSHumanReadableCopyright = "";
				IPHONEOS_DEPLOYMENT_TARGET = 17.0;
				LD_RUNPATH_SEARCH_PATHS = (
					"$(inherited)",
					"@executable_path/Frameworks",
					"@executable_path/../../Frameworks",
				);
				MARKETING_VERSION = 1.0;
				PRODUCT_BUNDLE_IDENTIFIER = com.pelagornis.EventApp.EventWidget;
				PRODUCT_NAME = "$(TARGET_NAME)";
				SKIP_INSTALL = YES;
				SWIFT_EMIT_LOC_STRINGS = YES;
				SWIFT_VERSION = 5.0;
				TARGETED_DEVICE_FAMILY = "1,2";
			};
			name = Release;
		};
/* End XCBuildConfiguration section */

/* Begin XCConfigurationList section */
		DC66C0812A46AF1B00DCA77C /* Build configuration list for PBXProject "EventApp" */ = {
			isa = XCConfigurationList;
			buildConfigurations = (
				DC66C0922A46AF1C00DCA77C /* Debug */,
				DC66C0932A46AF1C00DCA77C /* Release */,
			);
			defaultConfigurationIsVisible = 0;
			defaultConfigurationName = Release;
		};
		DC66C0942A46AF1C00DCA77C /* Build configuration list for PBXNativeTarget "EventApp" */ = {
			isa = XCConfigurationList;
			buildConfigurations = (
				DC66C0952A46AF1C00DCA77C /* Debug */,
				DC66C0962A46AF1C00DCA77C /* Release */,
			);
			defaultConfigurationIsVisible = 0;
			defaultConfigurationName = Release;
		};
		DC66C0DE2A46BD5600DCA77C /* Build configuration list for PBXNativeTarget "EventWidgetExtension" */ = {
			isa = XCConfigurationList;
			buildConfigurations = (
				DC66C0DF2A46BD5600DCA77C /* Debug */,
				DC66C0E02A46BD5600DCA77C /* Release */,
			);
			defaultConfigurationIsVisible = 0;
			defaultConfigurationName = Release;
		};
/* End XCConfigurationList section */
	};
	rootObject = DC66C07E2A46AF1B00DCA77C /* Project object */;
}
